{
  "name": "openclaw-mail",
  "lockfileVersion": 3,
  "requires": true,
  "packages": {
    "": {
      "dependencies": {
        "postal-mime": "4.0.5"
      }
    },
    "node_modules/postal-mime": {
      "version": "4.0.5",
      "resolved": "https://registry.npmjs.org/postal-mime/-/postal-mime-4.0.5.tgz",
      "integrity": "sha512-fWu1Cmo2ef6LCwgHU1fVrqo55eyFP31F7hH0j/wMWkQYYdh+H8zz3nBf3EYRQelkmTfDrbDfTvPUQEBT8DS/jw==",
      "license": "MIT-0",
      "engines": {
        "node": ">=20"
      }
    }
  }
}
